// !$*UTF8*$!
{
	archiveVersion = 1;
	classes = {
	};
	objectVersion = 77;
	objects = {

/* Begin PBXBuildFile section */
		442219658DDDDCAD96C16F97 /* Pods_2025_Volume_Fitness_Tracker.framework in Frameworks */ = {isa = PBXBuildFile; fileRef = 828A2D0E4D2BFEB3A32434B6 /* Pods_2025_Volume_Fitness_Tracker.framework */; };
		5007F5111BD3921E1CE3D83E /* Pods_2025_Volume_Fitness_Tracker_2025_Volume_Fitness_TrackerUITests.framework in Frameworks */ = {isa = PBXBuildFile; fileRef = 475510990A72FFD28340CF88 /* Pods_2025_Volume_Fitness_Tracker_2025_Volume_Fitness_TrackerUITests.framework */; };
		F6448B1B0BB2CF740DD09429 /* Pods_2025_Volume_Fitness_TrackerTests.framework in Frameworks */ = {isa = PBXBuildFile; fileRef = C42B5C859A1C5B986F8F3CC5 /* Pods_2025_Volume_Fitness_TrackerTests.framework */; };
/* End PBXBuildFile section */

/* Begin PBXContainerItemProxy section */
		5F6085622D233C0F0047A022 /* PBXContainerItemProxy */ = {
			isa = PBXContainerItemProxy;
			containerPortal = 5F6085492D233C0E0047A022 /* Project object */;
			proxyType = 1;
			remoteGlobalIDString = 5F6085502D233C0E0047A022;
			remoteInfo = "2025 Volume Fitness Tracker";
		};
		5F60856C2D233C0F0047A022 /* PBXContainerItemProxy */ = {
			isa = PBXContainerItemProxy;
			containerPortal = 5F6085492D233C0E0047A022 /* Project object */;
			proxyType = 1;
			remoteGlobalIDString = 5F6085502D233C0E0047A022;
			remoteInfo = "2025 Volume Fitness Tracker";
		};
/* End PBXContainerItemProxy section */

/* Begin PBXFileReference section */
		475510990A72FFD28340CF88 /* Pods_2025_Volume_Fitness_Tracker_2025_Volume_Fitness_TrackerUITests.framework */ = {isa = PBXFileReference; explicitFileType = wrapper.framework; includeInIndex = 0; path = Pods_2025_Volume_Fitness_Tracker_2025_Volume_Fitness_TrackerUITests.framework; sourceTree = BUILT_PRODUCTS_DIR; };
		585C21973BD66BC86E73BC3F /* Pods-2025 Volume Fitness TrackerTests.release.xcconfig */ = {isa = PBXFileReference; includeInIndex = 1; lastKnownFileType = text.xcconfig; name = "Pods-2025 Volume Fitness TrackerTests.release.xcconfig"; path = "Target Support Files/Pods-2025 Volume Fitness TrackerTests/Pods-2025 Volume Fitness TrackerTests.release.xcconfig"; sourceTree = "<group>"; };
		5F6085512D233C0E0047A022 /* 2025 Volume Fitness Tracker.app */ = {isa = PBXFileReference; explicitFileType = wrapper.application; includeInIndex = 0; path = "2025 Volume Fitness Tracker.app"; sourceTree = BUILT_PRODUCTS_DIR; };
		5F6085612D233C0F0047A022 /* 2025 Volume Fitness TrackerTests.xctest */ = {isa = PBXFileReference; explicitFileType = wrapper.cfbundle; includeInIndex = 0; path = "2025 Volume Fitness TrackerTests.xctest"; sourceTree = BUILT_PRODUCTS_DIR; };
		5F60856B2D233C0F0047A022 /* 2025 Volume Fitness TrackerUITests.xctest */ = {isa = PBXFileReference; explicitFileType = wrapper.cfbundle; includeInIndex = 0; path = "2025 Volume Fitness TrackerUITests.xctest"; sourceTree = BUILT_PRODUCTS_DIR; };
		828A2D0E4D2BFEB3A32434B6 /* Pods_2025_Volume_Fitness_Tracker.framework */ = {isa = PBXFileReference; explicitFileType = wrapper.framework; includeInIndex = 0; path = Pods_2025_Volume_Fitness_Tracker.framework; sourceTree = BUILT_PRODUCTS_DIR; };
		8446F08BC70AE7407B8506AC /* Pods-2025 Volume Fitness Tracker-2025 Volume Fitness TrackerUITests.debug.xcconfig */ = {isa = PBXFileReference; includeInIndex = 1; lastKnownFileType = text.xcconfig; name = "Pods-2025 Volume Fitness Tracker-2025 Volume Fitness TrackerUITests.debug.xcconfig"; path = "Target Support Files/Pods-2025 Volume Fitness Tracker-2025 Volume Fitness TrackerUITests/Pods-2025 Volume Fitness Tracker-2025 Volume Fitness TrackerUITests.debug.xcconfig"; sourceTree = "<group>"; };
		A475BFD6BC46829A8BDBCBB3 /* Pods-2025 Volume Fitness Tracker.debug.xcconfig */ = {isa = PBXFileReference; includeInIndex = 1; lastKnownFileType = text.xcconfig; name = "Pods-2025 Volume Fitness Tracker.debug.xcconfig"; path = "Target Support Files/Pods-2025 Volume Fitness Tracker/Pods-2025 Volume Fitness Tracker.debug.xcconfig"; sourceTree = "<group>"; };
		AAD7A36BEDC2996354059CCD /* Pods-2025 Volume Fitness TrackerTests.debug.xcconfig */ = {isa = PBXFileReference; includeInIndex = 1; lastKnownFileType = text.xcconfig; name = "Pods-2025 Volume Fitness TrackerTests.debug.xcconfig"; path = "Target Support Files/Pods-2025 Volume Fitness TrackerTests/Pods-2025 Volume Fitness TrackerTests.debug.xcconfig"; sourceTree = "<group>"; };
		C073CDFEB07F752668372E94 /* Pods-2025 Volume Fitness Tracker.release.xcconfig */ = {isa = PBXFileReference; includeInIndex = 1; lastKnownFileType = text.xcconfig; name = "Pods-2025 Volume Fitness Tracker.release.xcconfig"; path = "Target Support Files/Pods-2025 Volume Fitness Tracker/Pods-2025 Volume Fitness Tracker.release.xcconfig"; sourceTree = "<group>"; };
		C42B5C859A1C5B986F8F3CC5 /* Pods_2025_Volume_Fitness_TrackerTests.framework */ = {isa = PBXFileReference; explicitFileType = wrapper.framework; includeInIndex = 0; path = Pods_2025_Volume_Fitness_TrackerTests.framework; sourceTree = BUILT_PRODUCTS_DIR; };
		F09E82FF008B9DD7363CA076 /* Pods-2025 Volume Fitness Tracker-2025 Volume Fitness TrackerUITests.release.xcconfig */ = {isa = PBXFileReference; includeInIndex = 1; lastKnownFileType = text.xcconfig; name = "Pods-2025 Volume Fitness Tracker-2025 Volume Fitness TrackerUITests.release.xcconfig"; path = "Target Support Files/Pods-2025 Volume Fitness Tracker-2025 Volume Fitness TrackerUITests/Pods-2025 Volume Fitness Tracker-2025 Volume Fitness TrackerUITests.release.xcconfig"; sourceTree = "<group>"; };
/* End PBXFileReference section */

/* Begin PBXFileSystemSynchronizedRootGroup section */
		5F6085532D233C0E0047A022 /* 2025 Volume Fitness Tracker */ = {
			isa = PBXFileSystemSynchronizedRootGroup;
			path = "2025 Volume Fitness Tracker";
			sourceTree = "<group>";
		};
		5F6085642D233C0F0047A022 /* 2025 Volume Fitness TrackerTests */ = {
			isa = PBXFileSystemSynchronizedRootGroup;
			path = "2025 Volume Fitness TrackerTests";
			sourceTree = "<group>";
		};
		5F60856E2D233C0F0047A022 /* 2025 Volume Fitness TrackerUITests */ = {
			isa = PBXFileSystemSynchronizedRootGroup;
			path = "2025 Volume Fitness TrackerUITests";
			sourceTree = "<group>";
		};
/* End PBXFileSystemSynchronizedRootGroup section */

/* Begin PBXFrameworksBuildPhase section */
		5F60854E2D233C0E0047A022 /* Frameworks */ = {
			isa = PBXFrameworksBuildPhase;
			buildActionMask = 2147483647;
			files = (
				442219658DDDDCAD96C16F97 /* Pods_2025_Volume_Fitness_Tracker.framework in Frameworks */,
			);
			runOnlyForDeploymentPostprocessing = 0;
		};
		5F60855E2D233C0F0047A022 /* Frameworks */ = {
			isa = PBXFrameworksBuildPhase;
			buildActionMask = 2147483647;
			files = (
				F6448B1B0BB2CF740DD09429 /* Pods_2025_Volume_Fitness_TrackerTests.framework in Frameworks */,
			);
			runOnlyForDeploymentPostprocessing = 0;
		};
		5F6085682D233C0F0047A022 /* Frameworks */ = {
			isa = PBXFrameworksBuildPhase;
			buildActionMask = 2147483647;
			files = (
				5007F5111BD3921E1CE3D83E /* Pods_2025_Volume_Fitness_Tracker_2025_Volume_Fitness_TrackerUITests.framework in Frameworks */,
			);
			runOnlyForDeploymentPostprocessing = 0;
		};
/* End PBXFrameworksBuildPhase section */

/* Begin PBXGroup section */
		0663E855DF76E1450F6B00A9 /* Pods */ = {
			isa = PBXGroup;
			children = (
				A475BFD6BC46829A8BDBCBB3 /* Pods-2025 Volume Fitness Tracker.debug.xcconfig */,
				C073CDFEB07F752668372E94 /* Pods-2025 Volume Fitness Tracker.release.xcconfig */,
				8446F08BC70AE7407B8506AC /* Pods-2025 Volume Fitness Tracker-2025 Volume Fitness TrackerUITests.debug.xcconfig */,
				F09E82FF008B9DD7363CA076 /* Pods-2025 Volume Fitness Tracker-2025 Volume Fitness TrackerUITests.release.xcconfig */,
				AAD7A36BEDC2996354059CCD /* Pods-2025 Volume Fitness TrackerTests.debug.xcconfig */,
				585C21973BD66BC86E73BC3F /* Pods-2025 Volume Fitness TrackerTests.release.xcconfig */,
			);
			path = Pods;
			sourceTree = "<group>";
		};
		5F6085482D233C0E0047A022 = {
			isa = PBXGroup;
			children = (
				5F6085532D233C0E0047A022 /* 2025 Volume Fitness Tracker */,
				5F6085642D233C0F0047A022 /* 2025 Volume Fitness TrackerTests */,
				5F60856E2D233C0F0047A022 /* 2025 Volume Fitness TrackerUITests */,
				5F6085522D233C0E0047A022 /* Products */,
				0663E855DF76E1450F6B00A9 /* Pods */,
				798ACEF2319EA146F9A727B0 /* Frameworks */,
			);
			sourceTree = "<group>";
		};
		5F6085522D233C0E0047A022 /* Products */ = {
			isa = PBXGroup;
			children = (
				5F6085512D233C0E0047A022 /* 2025 Volume Fitness Tracker.app */,
				5F6085612D233C0F0047A022 /* 2025 Volume Fitness TrackerTests.xctest */,
				5F60856B2D233C0F0047A022 /* 2025 Volume Fitness TrackerUITests.xctest */,
			);
			name = Products;
			sourceTree = "<group>";
		};
		798ACEF2319EA146F9A727B0 /* Frameworks */ = {
			isa = PBXGroup;
			children = (
				828A2D0E4D2BFEB3A32434B6 /* Pods_2025_Volume_Fitness_Tracker.framework */,
				475510990A72FFD28340CF88 /* Pods_2025_Volume_Fitness_Tracker_2025_Volume_Fitness_TrackerUITests.framework */,
				C42B5C859A1C5B986F8F3CC5 /* Pods_2025_Volume_Fitness_TrackerTests.framework */,
			);
			name = Frameworks;
			sourceTree = "<group>";
		};
/* End PBXGroup section */

/* Begin PBXNativeTarget section */
		5F6085502D233C0E0047A022 /* 2025 Volume Fitness Tracker */ = {
			isa = PBXNativeTarget;
			buildConfigurationList = 5F6085752D233C0F0047A022 /* Build configuration list for PBXNativeTarget "2025 Volume Fitness Tracker" */;
			buildPhases = (
				7D9485055749D1FFC232CBD2 /* [CP] Check Pods Manifest.lock */,
				5F60854D2D233C0E0047A022 /* Sources */,
				5F60854E2D233C0E0047A022 /* Frameworks */,
				5F60854F2D233C0E0047A022 /* Resources */,
				BDFAB37C8BE5D990C4989EB9 /* [CP] Embed Pods Frameworks */,
			);
			buildRules = (
			);
			dependencies = (
			);
			fileSystemSynchronizedGroups = (
				5F6085532D233C0E0047A022 /* 2025 Volume Fitness Tracker */,
			);
			name = "2025 Volume Fitness Tracker";
			productName = "2025 Volume Fitness Tracker";
			productReference = 5F6085512D233C0E0047A022 /* 2025 Volume Fitness Tracker.app */;
			productType = "com.apple.product-type.application";
		};
		5F6085602D233C0F0047A022 /* 2025 Volume Fitness TrackerTests */ = {
			isa = PBXNativeTarget;
			buildConfigurationList = 5F6085782D233C0F0047A022 /* Build configuration list for PBXNativeTarget "2025 Volume Fitness TrackerTests" */;
			buildPhases = (
				867FE969D44B24C6D90124CB /* [CP] Check Pods Manifest.lock */,
				5F60855D2D233C0F0047A022 /* Sources */,
				5F60855E2D233C0F0047A022 /* Frameworks */,
				5F60855F2D233C0F0047A022 /* Resources */,
			);
			buildRules = (
			);
			dependencies = (
				5F6085632D233C0F0047A022 /* PBXTargetDependency */,
			);
			fileSystemSynchronizedGroups = (
				5F6085642D233C0F0047A022 /* 2025 Volume Fitness TrackerTests */,
			);
			name = "2025 Volume Fitness TrackerTests";
			productName = "2025 Volume Fitness TrackerTests";
			productReference = 5F6085612D233C0F0047A022 /* 2025 Volume Fitness TrackerTests.xctest */;
			productType = "com.apple.product-type.bundle.unit-test";
		};
		5F60856A2D233C0F0047A022 /* 2025 Volume Fitness TrackerUITests */ = {
			isa = PBXNativeTarget;
			buildConfigurationList = 5F60857B2D233C0F0047A022 /* Build configuration list for PBXNativeTarget "2025 Volume Fitness TrackerUITests" */;
			buildPhases = (
				AB15F1E4C3ECC5068091262E /* [CP] Check Pods Manifest.lock */,
				5F6085672D233C0F0047A022 /* Sources */,
				5F6085682D233C0F0047A022 /* Frameworks */,
				5F6085692D233C0F0047A022 /* Resources */,
				75D47A78E75A05F70188C4BF /* [CP] Embed Pods Frameworks */,
			);
			buildRules = (
			);
			dependencies = (
				5F60856D2D233C0F0047A022 /* PBXTargetDependency */,
			);
			fileSystemSynchronizedGroups = (
				5F60856E2D233C0F0047A022 /* 2025 Volume Fitness TrackerUITests */,
			);
			name = "2025 Volume Fitness TrackerUITests";
			productName = "2025 Volume Fitness TrackerUITests";
			productReference = 5F60856B2D233C0F0047A022 /* 2025 Volume Fitness TrackerUITests.xctest */;
			productType = "com.apple.product-type.bundle.ui-testing";
		};
/* End PBXNativeTarget section */

/* Begin PBXProject section */
		5F6085492D233C0E0047A022 /* Project object */ = {
			isa = PBXProject;
			attributes = {
				BuildIndependentTargetsInParallel = 1;
				LastSwiftUpdateCheck = 1620;
				LastUpgradeCheck = 1620;
				TargetAttributes = {
					5F6085502D233C0E0047A022 = {
						CreatedOnToolsVersion = 16.2;
					};
					5F6085602D233C0F0047A022 = {
						CreatedOnToolsVersion = 16.2;
						TestTargetID = 5F6085502D233C0E0047A022;
					};
					5F60856A2D233C0F0047A022 = {
						CreatedOnToolsVersion = 16.2;
						TestTargetID = 5F6085502D233C0E0047A022;
					};
				};
			};
			buildConfigurationList = 5F60854C2D233C0E0047A022 /* Build configuration list for PBXProject "2025 Volume Fitness Tracker" */;
			developmentRegion = en;
			hasScannedForEncodings = 0;
			knownRegions = (
				en,
				Base,
			);
			mainGroup = 5F6085482D233C0E0047A022;
			minimizedProjectReferenceProxies = 1;
			preferredProjectObjectVersion = 77;
			productRefGroup = 5F6085522D233C0E0047A022 /* Products */;
			projectDirPath = "";
			projectRoot = "";
			targets = (
				5F6085502D233C0E0047A022 /* 2025 Volume Fitness Tracker */,
				5F6085602D233C0F0047A022 /* 2025 Volume Fitness TrackerTests */,
				5F60856A2D233C0F0047A022 /* 2025 Volume Fitness TrackerUITests */,
			);
		};
/* End PBXProject section */

/* Begin PBXResourcesBuildPhase section */
		5F60854F2D233C0E0047A022 /* Resources */ = {
			isa = PBXResourcesBuildPhase;
			buildActionMask = 2147483647;
			files = (
			);
			runOnlyForDeploymentPostprocessing = 0;
		};
		5F60855F2D233C0F0047A022 /* Resources */ = {
			isa = PBXResourcesBuildPhase;
			buildActionMask = 2147483647;
			files = (
			);
			runOnlyForDeploymentPostprocessing = 0;
		};
		5F6085692D233C0F0047A022 /* Resources */ = {
			isa = PBXResourcesBuildPhase;
			buildActionMask = 2147483647;
			files = (
			);
			runOnlyForDeploymentPostprocessing = 0;
		};
/* End PBXResourcesBuildPhase section */

/* Begin PBXShellScriptBuildPhase section */
		75D47A78E75A05F70188C4BF /* [CP] Embed Pods Frameworks */ = {
			isa = PBXShellScriptBuildPhase;
			buildActionMask = 2147483647;
			files = (
			);
			inputFileListPaths = (
				"${PODS_ROOT}/Target Support Files/Pods-2025 Volume Fitness Tracker-2025 Volume Fitness TrackerUITests/Pods-2025 Volume Fitness Tracker-2025 Volume Fitness TrackerUITests-frameworks-${CONFIGURATION}-input-files.xcfilelist",
			);
			name = "[CP] Embed Pods Frameworks";
			outputFileListPaths = (
				"${PODS_ROOT}/Target Support Files/Pods-2025 Volume Fitness Tracker-2025 Volume Fitness TrackerUITests/Pods-2025 Volume Fitness Tracker-2025 Volume Fitness TrackerUITests-frameworks-${CONFIGURATION}-output-files.xcfilelist",
			);
			runOnlyForDeploymentPostprocessing = 0;
			shellPath = /bin/sh;
			shellScript = "\"${PODS_ROOT}/Target Support Files/Pods-2025 Volume Fitness Tracker-2025 Volume Fitness TrackerUITests/Pods-2025 Volume Fitness Tracker-2025 Volume Fitness TrackerUITests-frameworks.sh\"\n";
			showEnvVarsInLog = 0;
		};
		7D9485055749D1FFC232CBD2 /* [CP] Check Pods Manifest.lock */ = {
			isa = PBXShellScriptBuildPhase;
			buildActionMask = 2147483647;
			files = (
			);
			inputFileListPaths = (
			);
			inputPaths = (
				"${PODS_PODFILE_DIR_PATH}/Podfile.lock",
				"${PODS_ROOT}/Manifest.lock",
			);
			name = "[CP] Check Pods Manifest.lock";
			outputFileListPaths = (
			);
			outputPaths = (
				"$(DERIVED_FILE_DIR)/Pods-2025 Volume Fitness Tracker-checkManifestLockResult.txt",
			);
			runOnlyForDeploymentPostprocessing = 0;
			shellPath = /bin/sh;
			shellScript = "diff \"${PODS_PODFILE_DIR_PATH}/Podfile.lock\" \"${PODS_ROOT}/Manifest.lock\" > /dev/null\nif [ $? != 0 ] ; then\n    # print error to STDERR\n    echo \"error: The sandbox is not in sync with the Podfile.lock. Run 'pod install' or update your CocoaPods installation.\" >&2\n    exit 1\nfi\n# This output is used by Xcode 'outputs' to avoid re-running this script phase.\necho \"SUCCESS\" > \"${SCRIPT_OUTPUT_FILE_0}\"\n";
			showEnvVarsInLog = 0;
		};
		867FE969D44B24C6D90124CB /* [CP] Check Pods Manifest.lock */ = {
			isa = PBXShellScriptBuildPhase;
			buildActionMask = 2147483647;
			files = (
			);
			inputFileListPaths = (
			);
			inputPaths = (
				"${PODS_PODFILE_DIR_PATH}/Podfile.lock",
				"${PODS_ROOT}/Manifest.lock",
			);
			name = "[CP] Check Pods Manifest.lock";
			outputFileListPaths = (
			);
			outputPaths = (
				"$(DERIVED_FILE_DIR)/Pods-2025 Volume Fitness TrackerTests-checkManifestLockResult.txt",
			);
			runOnlyForDeploymentPostprocessing = 0;
			shellPath = /bin/sh;
			shellScript = "diff \"${PODS_PODFILE_DIR_PATH}/Podfile.lock\" \"${PODS_ROOT}/Manifest.lock\" > /dev/null\nif [ $? != 0 ] ; then\n    # print error to STDERR\n    echo \"error: The sandbox is not in sync with the Podfile.lock. Run 'pod install' or update your CocoaPods installation.\" >&2\n    exit 1\nfi\n# This output is used by Xcode 'outputs' to avoid re-running this script phase.\necho \"SUCCESS\" > \"${SCRIPT_OUTPUT_FILE_0}\"\n";
			showEnvVarsInLog = 0;
		};
		AB15F1E4C3ECC5068091262E /* [CP] Check Pods Manifest.lock */ = {
			isa = PBXShellScriptBuildPhase;
			buildActionMask = 2147483647;
			files = (
			);
			inputFileListPaths = (
			);
			inputPaths = (
				"${PODS_PODFILE_DIR_PATH}/Podfile.lock",
				"${PODS_ROOT}/Manifest.lock",
			);
			name = "[CP] Check Pods Manifest.lock";
			outputFileListPaths = (
			);
			outputPaths = (
				"$(DERIVED_FILE_DIR)/Pods-2025 Volume Fitness Tracker-2025 Volume Fitness TrackerUITests-checkManifestLockResult.txt",
			);
			runOnlyForDeploymentPostprocessing = 0;
			shellPath = /bin/sh;
			shellScript = "diff \"${PODS_PODFILE_DIR_PATH}/Podfile.lock\" \"${PODS_ROOT}/Manifest.lock\" > /dev/null\nif [ $? != 0 ] ; then\n    # print error to STDERR\n    echo \"error: The sandbox is not in sync with the Podfile.lock. Run 'pod install' or update your CocoaPods installation.\" >&2\n    exit 1\nfi\n# This output is used by Xcode 'outputs' to avoid re-running this script phase.\necho \"SUCCESS\" > \"${SCRIPT_OUTPUT_FILE_0}\"\n";
			showEnvVarsInLog = 0;
		};
		BDFAB37C8BE5D990C4989EB9 /* [CP] Embed Pods Frameworks */ = {
			isa = PBXShellScriptBuildPhase;
			buildActionMask = 2147483647;
			files = (
			);
			inputFileListPaths = (
				"${PODS_ROOT}/Target Support Files/Pods-2025 Volume Fitness Tracker/Pods-2025 Volume Fitness Tracker-frameworks-${CONFIGURATION}-input-files.xcfilelist",
			);
			name = "[CP] Embed Pods Frameworks";
			outputFileListPaths = (
				"${PODS_ROOT}/Target Support Files/Pods-2025 Volume Fitness Tracker/Pods-2025 Volume Fitness Tracker-frameworks-${CONFIGURATION}-output-files.xcfilelist",
			);
			runOnlyForDeploymentPostprocessing = 0;
			shellPath = /bin/sh;
			shellScript = "\"${PODS_ROOT}/Target Support Files/Pods-2025 Volume Fitness Tracker/Pods-2025 Volume Fitness Tracker-frameworks.sh\"\n";
			showEnvVarsInLog = 0;
		};
/* End PBXShellScriptBuildPhase section */

/* Begin PBXSourcesBuildPhase section */
		5F60854D2D233C0E0047A022 /* Sources */ = {
			isa = PBXSourcesBuildPhase;
			buildActionMask = 2147483647;
			files = (
			);
			runOnlyForDeploymentPostprocessing = 0;
		};
		5F60855D2D233C0F0047A022 /* Sources */ = {
			isa = PBXSourcesBuildPhase;
			buildActionMask = 2147483647;
			files = (
			);
			runOnlyForDeploymentPostprocessing = 0;
		};
		5F6085672D233C0F0047A022 /* Sources */ = {
			isa = PBXSourcesBuildPhase;
			buildActionMask = 2147483647;
			files = (
			);
			runOnlyForDeploymentPostprocessing = 0;
		};
/* End PBXSourcesBuildPhase section */

/* Begin PBXTargetDependency section */
		5F6085632D233C0F0047A022 /* PBXTargetDependency */ = {
			isa = PBXTargetDependency;
			target = 5F6085502D233C0E0047A022 /* 2025 Volume Fitness Tracker */;
			targetProxy = 5F6085622D233C0F0047A022 /* PBXContainerItemProxy */;
		};
		5F60856D2D233C0F0047A022 /* PBXTargetDependency */ = {
			isa = PBXTargetDependency;
			target = 5F6085502D233C0E0047A022 /* 2025 Volume Fitness Tracker */;
			targetProxy = 5F60856C2D233C0F0047A022 /* PBXContainerItemProxy */;
		};
/* End PBXTargetDependency section */

/* Begin XCBuildConfiguration section */
		5F6085732D233C0F0047A022 /* Debug */ = {
			isa = XCBuildConfiguration;
			buildSettings = {
				ALWAYS_SEARCH_USER_PATHS = NO;
				ASSETCATALOG_COMPILER_GENERATE_SWIFT_ASSET_SYMBOL_EXTENSIONS = YES;
				CLANG_ANALYZER_NONNULL = YES;
				CLANG_ANALYZER_NUMBER_OBJECT_CONVERSION = YES_AGGRESSIVE;
				CLANG_CXX_LANGUAGE_STANDARD = "gnu++20";
				CLANG_ENABLE_MODULES = YES;
				CLANG_ENABLE_OBJC_ARC = YES;
				CLANG_ENABLE_OBJC_WEAK = YES;
				CLANG_WARN_BLOCK_CAPTURE_AUTORELEASING = YES;
				CLANG_WARN_BOOL_CONVERSION = YES;
				CLANG_WARN_COMMA = YES;
				CLANG_WARN_CONSTANT_CONVERSION = YES;
				CLANG_WARN_DEPRECATED_OBJC_IMPLEMENTATIONS = YES;
				CLANG_WARN_DIRECT_OBJC_ISA_USAGE = YES_ERROR;
				CLANG_WARN_DOCUMENTATION_COMMENTS = YES;
				CLANG_WARN_EMPTY_BODY = YES;
				CLANG_WARN_ENUM_CONVERSION = YES;
				CLANG_WARN_INFINITE_RECURSION = YES;
				CLANG_WARN_INT_CONVERSION = YES;
				CLANG_WARN_NON_LITERAL_NULL_CONVERSION = YES;
				CLANG_WARN_OBJC_IMPLICIT_RETAIN_SELF = YES;
				CLANG_WARN_OBJC_LITERAL_CONVERSION = YES;
				CLANG_WARN_OBJC_ROOT_CLASS = YES_ERROR;
				CLANG_WARN_QUOTED_INCLUDE_IN_FRAMEWORK_HEADER = YES;
				CLANG_WARN_RANGE_LOOP_ANALYSIS = YES;
				CLANG_WARN_STRICT_PROTOTYPES = YES;
				CLANG_WARN_SUSPICIOUS_MOVE = YES;
				CLANG_WARN_UNGUARDED_AVAILABILITY = YES_AGGRESSIVE;
				CLANG_WARN_UNREACHABLE_CODE = YES;
				CLANG_WARN__DUPLICATE_METHOD_MATCH = YES;
				COPY_PHASE_STRIP = NO;
				DEBUG_INFORMATION_FORMAT = dwarf;
				ENABLE_STRICT_OBJC_MSGSEND = YES;
				ENABLE_TESTABILITY = YES;
				ENABLE_USER_SCRIPT_SANDBOXING = YES;
				GCC_C_LANGUAGE_STANDARD = gnu17;
				GCC_DYNAMIC_NO_PIC = NO;
				GCC_NO_COMMON_BLOCKS = YES;
				GCC_OPTIMIZATION_LEVEL = 0;
				GCC_PREPROCESSOR_DEFINITIONS = (
					"DEBUG=1",
					"$(inherited)",
				);
				GCC_WARN_64_TO_32_BIT_CONVERSION = YES;
				GCC_WARN_ABOUT_RETURN_TYPE = YES_ERROR;
				GCC_WARN_UNDECLARED_SELECTOR = YES;
				GCC_WARN_UNINITIALIZED_AUTOS = YES_AGGRESSIVE;
				GCC_WARN_UNUSED_FUNCTION = YES;
				GCC_WARN_UNUSED_VARIABLE = YES;
				IPHONEOS_DEPLOYMENT_TARGET = 18.2;
				LOCALIZATION_PREFERS_STRING_CATALOGS = YES;
				MTL_ENABLE_DEBUG_INFO = INCLUDE_SOURCE;
				MTL_FAST_MATH = YES;
				ONLY_ACTIVE_ARCH = YES;
				SDKROOT = iphoneos;
				SWIFT_ACTIVE_COMPILATION_CONDITIONS = "DEBUG $(inherited)";
				SWIFT_OPTIMIZATION_LEVEL = "-Onone";
			};
			name = Debug;
		};
		5F6085742D233C0F0047A022 /* Release */ = {
			isa = XCBuildConfiguration;
			buildSettings = {
				ALWAYS_SEARCH_USER_PATHS = NO;
				ASSETCATALOG_COMPILER_GENERATE_SWIFT_ASSET_SYMBOL_EXTENSIONS = YES;
				CLANG_ANALYZER_NONNULL = YES;
				CLANG_ANALYZER_NUMBER_OBJECT_CONVERSION = YES_AGGRESSIVE;
				CLANG_CXX_LANGUAGE_STANDARD = "gnu++20";
				CLANG_ENABLE_MODULES = YES;
				CLANG_ENABLE_OBJC_ARC = YES;
				CLANG_ENABLE_OBJC_WEAK = YES;
				CLANG_WARN_BLOCK_CAPTURE_AUTORELEASING = YES;
				CLANG_WARN_BOOL_CONVERSION = YES;
				CLANG_WARN_COMMA = YES;
				CLANG_WARN_CONSTANT_CONVERSION = YES;
				CLANG_WARN_DEPRECATED_OBJC_IMPLEMENTATIONS = YES;
				CLANG_WARN_DIRECT_OBJC_ISA_USAGE = YES_ERROR;
				CLANG_WARN_DOCUMENTATION_COMMENTS = YES;
				CLANG_WARN_EMPTY_BODY = YES;
				CLANG_WARN_ENUM_CONVERSION = YES;
				CLANG_WARN_INFINITE_RECURSION = YES;
				CLANG_WARN_INT_CONVERSION = YES;
				CLANG_WARN_NON_LITERAL_NULL_CONVERSION = YES;
				CLANG_WARN_OBJC_IMPLICIT_RETAIN_SELF = YES;
				CLANG_WARN_OBJC_LITERAL_CONVERSION = YES;
				CLANG_WARN_OBJC_ROOT_CLASS = YES_ERROR;
				CLANG_WARN_QUOTED_INCLUDE_IN_FRAMEWORK_HEADER = YES;
				CLANG_WARN_RANGE_LOOP_ANALYSIS = YES;
				CLANG_WARN_STRICT_PROTOTYPES = YES;
				CLANG_WARN_SUSPICIOUS_MOVE = YES;
				CLANG_WARN_UNGUARDED_AVAILABILITY = YES_AGGRESSIVE;
				CLANG_WARN_UNREACHABLE_CODE = YES;
				CLANG_WARN__DUPLICATE_METHOD_MATCH = YES;
				COPY_PHASE_STRIP = NO;
				DEBUG_INFORMATION_FORMAT = "dwarf-with-dsym";
				ENABLE_NS_ASSERTIONS = NO;
				ENABLE_STRICT_OBJC_MSGSEND = YES;
				ENABLE_USER_SCRIPT_SANDBOXING = YES;
				GCC_C_LANGUAGE_STANDARD = gnu17;
				GCC_NO_COMMON_BLOCKS = YES;
				GCC_WARN_64_TO_32_BIT_CONVERSION = YES;
				GCC_WARN_ABOUT_RETURN_TYPE = YES_ERROR;
				GCC_WARN_UNDECLARED_SELECTOR = YES;
				GCC_WARN_UNINITIALIZED_AUTOS = YES_AGGRESSIVE;
				GCC_WARN_UNUSED_FUNCTION = YES;
				GCC_WARN_UNUSED_VARIABLE = YES;
				IPHONEOS_DEPLOYMENT_TARGET = 18.2;
				LOCALIZATION_PREFERS_STRING_CATALOGS = YES;
				MTL_ENABLE_DEBUG_INFO = NO;
				MTL_FAST_MATH = YES;
				SDKROOT = iphoneos;
				SWIFT_COMPILATION_MODE = wholemodule;
				VALIDATE_PRODUCT = YES;
			};
			name = Release;
		};
		5F6085762D233C0F0047A022 /* Debug */ = {
			isa = XCBuildConfiguration;
			baseConfigurationReference = A475BFD6BC46829A8BDBCBB3 /* Pods-2025 Volume Fitness Tracker.debug.xcconfig */;
			buildSettings = {
				ASSETCATALOG_COMPILER_APPICON_NAME = AppIcon;
				ASSETCATALOG_COMPILER_GLOBAL_ACCENT_COLOR_NAME = AccentColor;
				CODE_SIGN_STYLE = Automatic;
				CURRENT_PROJECT_VERSION = 1;
				DEVELOPMENT_ASSET_PATHS = "\"2025 Volume Fitness Tracker/Preview Content\"";
				DEVELOPMENT_TEAM = 3N7C4993B3;
				ENABLE_PREVIEWS = YES;
				ENABLE_USER_SCRIPT_SANDBOXING = NO;
				GENERATE_INFOPLIST_FILE = YES;
				INFOPLIST_FILE = "-025-Volume-Fitness-Tracker-Info.plist";
				INFOPLIST_KEY_UIApplicationSceneManifest_Generation = YES;
				INFOPLIST_KEY_UIApplicationSupportsIndirectInputEvents = YES;
				INFOPLIST_KEY_UILaunchScreen_Generation = YES;
				INFOPLIST_KEY_UISupportedInterfaceOrientations_iPad = "UIInterfaceOrientationPortrait UIInterfaceOrientationPortraitUpsideDown UIInterfaceOrientationLandscapeLeft UIInterfaceOrientationLandscapeRight";
				INFOPLIST_KEY_UISupportedInterfaceOrientations_iPhone = "UIInterfaceOrientationPortrait UIInterfaceOrientationLandscapeLeft UIInterfaceOrientationLandscapeRight";
				LD_RUNPATH_SEARCH_PATHS = (
					"$(inherited)",
					"@executable_path/Frameworks",
				);
				MARKETING_VERSION = 1.0;
				PRODUCT_BUNDLE_IDENTIFIER = "com.bernsonfamily.-025-Volume-Fitness-Tracker";
				PRODUCT_NAME = "$(TARGET_NAME)";
				SUPPORTED_PLATFORMS = "iphoneos iphonesimulator";
				SUPPORTS_MACCATALYST = NO;
				SUPPORTS_XR_DESIGNED_FOR_IPHONE_IPAD = NO;
				SWIFT_EMIT_LOC_STRINGS = YES;
				SWIFT_VERSION = 5.0;
				TARGETED_DEVICE_FAMILY = "1,2";
			};
			name = Debug;
		};
		5F6085772D233C0F0047A022 /* Release */ = {
			isa = XCBuildConfiguration;
			baseConfigurationReference = C073CDFEB07F752668372E94 /* Pods-2025 Volume Fitness Tracker.release.xcconfig */;
			buildSettings = {
				ASSETCATALOG_COMPILER_APPICON_NAME = AppIcon;
				ASSETCATALOG_COMPILER_GLOBAL_ACCENT_COLOR_NAME = AccentColor;
				CODE_SIGN_STYLE = Automatic;
				CURRENT_PROJECT_VERSION = 1;
				DEVELOPMENT_ASSET_PATHS = "\"2025 Volume Fitness Tracker/Preview Content\"";
				DEVELOPMENT_TEAM = 3N7C4993B3;
				ENABLE_PREVIEWS = YES;
				ENABLE_USER_SCRIPT_SANDBOXING = NO;
				GENERATE_INFOPLIST_FILE = YES;
				INFOPLIST_FILE = "-025-Volume-Fitness-Tracker-Info.plist";
				INFOPLIST_KEY_UIApplicationSceneManifest_Generation = YES;
				INFOPLIST_KEY_UIApplicationSupportsIndirectInputEvents = YES;
				INFOPLIST_KEY_UILaunchScreen_Generation = YES;
				INFOPLIST_KEY_UISupportedInterfaceOrientations_iPad = "UIInterfaceOrientationPortrait UIInterfaceOrientationPortraitUpsideDown UIInterfaceOrientationLandscapeLeft UIInterfaceOrientationLandscapeRight";
				INFOPLIST_KEY_UISupportedInterfaceOrientations_iPhone = "UIInterfaceOrientationPortrait UIInterfaceOrientationLandscapeLeft UIInterfaceOrientationLandscapeRight";
				LD_RUNPATH_SEARCH_PATHS = (
					"$(inherited)",
					"@executable_path/Frameworks",
				);
				MARKETING_VERSION = 1.0;
				PRODUCT_BUNDLE_IDENTIFIER = "com.bernsonfamily.-025-Volume-Fitness-Tracker";
				PRODUCT_NAME = "$(TARGET_NAME)";
				SUPPORTED_PLATFORMS = "iphoneos iphonesimulator";
				SUPPORTS_MACCATALYST = NO;
				SUPPORTS_XR_DESIGNED_FOR_IPHONE_IPAD = NO;
				SWIFT_EMIT_LOC_STRINGS = YES;
				SWIFT_VERSION = 5.0;
				TARGETED_DEVICE_FAMILY = "1,2";
			};
			name = Release;
		};
		5F6085792D233C0F0047A022 /* Debug */ = {
			isa = XCBuildConfiguration;
			baseConfigurationReference = AAD7A36BEDC2996354059CCD /* Pods-2025 Volume Fitness TrackerTests.debug.xcconfig */;
			buildSettings = {
				BUNDLE_LOADER = "$(TEST_HOST)";
				CODE_SIGN_STYLE = Automatic;
				CURRENT_PROJECT_VERSION = 1;
				DEVELOPMENT_TEAM = 3N7C4993B3;
				GENERATE_INFOPLIST_FILE = YES;
				IPHONEOS_DEPLOYMENT_TARGET = 18.2;
				MARKETING_VERSION = 1.0;
				PRODUCT_BUNDLE_IDENTIFIER = "com.bernsonfamily.-025-Volume-Fitness-TrackerTests";
				PRODUCT_NAME = "$(TARGET_NAME)";
				SWIFT_EMIT_LOC_STRINGS = NO;
				SWIFT_VERSION = 5.0;
				TARGETED_DEVICE_FAMILY = "1,2";
				TEST_HOST = "$(BUILT_PRODUCTS_DIR)/2025 Volume Fitness Tracker.app/$(BUNDLE_EXECUTABLE_FOLDER_PATH)/2025 Volume Fitness Tracker";
			};
			name = Debug;
		};
		5F60857A2D233C0F0047A022 /* Release */ = {
			isa = XCBuildConfiguration;
			baseConfigurationReference = 585C21973BD66BC86E73BC3F /* Pods-2025 Volume Fitness TrackerTests.release.xcconfig */;
			buildSettings = {
				BUNDLE_LOADER = "$(TEST_HOST)";
				CODE_SIGN_STYLE = Automatic;
				CURRENT_PROJECT_VERSION = 1;
				DEVELOPMENT_TEAM = 3N7C4993B3;
				GENERATE_INFOPLIST_FILE = YES;
				IPHONEOS_DEPLOYMENT_TARGET = 18.2;
				MARKETING_VERSION = 1.0;
				PRODUCT_BUNDLE_IDENTIFIER = "com.bernsonfamily.-025-Volume-Fitness-TrackerTests";
				PRODUCT_NAME = "$(TARGET_NAME)";
				SWIFT_EMIT_LOC_STRINGS = NO;
				SWIFT_VERSION = 5.0;
				TARGETED_DEVICE_FAMILY = "1,2";
				TEST_HOST = "$(BUILT_PRODUCTS_DIR)/2025 Volume Fitness Tracker.app/$(BUNDLE_EXECUTABLE_FOLDER_PATH)/2025 Volume Fitness Tracker";
			};
			name = Release;
		};
		5F60857C2D233C0F0047A022 /* Debug */ = {
			isa = XCBuildConfiguration;
			baseConfigurationReference = 8446F08BC70AE7407B8506AC /* Pods-2025 Volume Fitness Tracker-2025 Volume Fitness TrackerUITests.debug.xcconfig */;
			buildSettings = {
				CODE_SIGN_STYLE = Automatic;
				CURRENT_PROJECT_VERSION = 1;
				DEVELOPMENT_TEAM = 3N7C4993B3;
				GENERATE_INFOPLIST_FILE = YES;
				MARKETING_VERSION = 1.0;
				PRODUCT_BUNDLE_IDENTIFIER = "com.bernsonfamily.-025-Volume-Fitness-TrackerUITests";
				PRODUCT_NAME = "$(TARGET_NAME)";
				SWIFT_EMIT_LOC_STRINGS = NO;
				SWIFT_VERSION = 5.0;
				TARGETED_DEVICE_FAMILY = "1,2";
				TEST_TARGET_NAME = "2025 Volume Fitness Tracker";
			};
			name = Debug;
		};
		5F60857D2D233C0F0047A022 /* Release */ = {
			isa = XCBuildConfiguration;
			baseConfigurationReference = F09E82FF008B9DD7363CA076 /* Pods-2025 Volume Fitness Tracker-2025 Volume Fitness TrackerUITests.release.xcconfig */;
			buildSettings = {
				CODE_SIGN_STYLE = Automatic;
				CURRENT_PROJECT_VERSION = 1;
				DEVELOPMENT_TEAM = 3N7C4993B3;
				GENERATE_INFOPLIST_FILE = YES;
				MARKETING_VERSION = 1.0;
				PRODUCT_BUNDLE_IDENTIFIER = "com.bernsonfamily.-025-Volume-Fitness-TrackerUITests";
				PRODUCT_NAME = "$(TARGET_NAME)";
				SWIFT_EMIT_LOC_STRINGS = NO;
				SWIFT_VERSION = 5.0;
				TARGETED_DEVICE_FAMILY = "1,2";
				TEST_TARGET_NAME = "2025 Volume Fitness Tracker";
			};
			name = Release;
		};
/* End XCBuildConfiguration section */

/* Begin XCConfigurationList section */
		5F60854C2D233C0E0047A022 /* Build configuration list for PBXProject "2025 Volume Fitness Tracker" */ = {
			isa = XCConfigurationList;
			buildConfigurations = (
				5F6085732D233C0F0047A022 /* Debug */,
				5F6085742D233C0F0047A022 /* Release */,
			);
			defaultConfigurationIsVisible = 0;
			defaultConfigurationName = Release;
		};
		5F6085752D233C0F0047A022 /* Build configuration list for PBXNativeTarget "2025 Volume Fitness Tracker" */ = {
			isa = XCConfigurationList;
			buildConfigurations = (
				5F6085762D233C0F0047A022 /* Debug */,
				5F6085772D233C0F0047A022 /* Release */,
			);
			defaultConfigurationIsVisible = 0;
			defaultConfigurationName = Release;
		};
		5F6085782D233C0F0047A022 /* Build configuration list for PBXNativeTarget "2025 Volume Fitness TrackerTests" */ = {
			isa = XCConfigurationList;
			buildConfigurations = (
				5F6085792D233C0F0047A022 /* Debug */,
				5F60857A2D233C0F0047A022 /* Release */,
			);
			defaultConfigurationIsVisible = 0;
			defaultConfigurationName = Release;
		};
		5F60857B2D233C0F0047A022 /* Build configuration list for PBXNativeTarget "2025 Volume Fitness TrackerUITests" */ = {
			isa = XCConfigurationList;
			buildConfigurations = (
				5F60857C2D233C0F0047A022 /* Debug */,
				5F60857D2D233C0F0047A022 /* Release */,
			);
			defaultConfigurationIsVisible = 0;
			defaultConfigurationName = Release;
		};
/* End XCConfigurationList section */
	};
	rootObject = 5F6085492D233C0E0047A022 /* Project object */;
}
